
Microsoft Visual Studio Solution File, Format Version 12.00
# Visual Studio Version 16
VisualStudioVersion = 16.0.29806.167
MinimumVisualStudioVersion = 10.0.40219.1
Project("{FAE04EC0-301F-11D3-BF4B-00C04F79EFBC}") = "Client", "Client\Client.csproj", "{544A8B3B-D9CD-46BF-BA03-6460E4590A04}"
EndProject
Project("{FAE04EC0-301F-11D3-BF4B-00C04F79EFBC}") = "Server", "Server\Server.csproj", "{FEEBE3AE-39CA-4701-B371-F6CFC6B2201E}"
EndProject
Global
	GlobalSection(SolutionConfigurationPlatforms) = preSolution
		Debug|Any CPU = Debug|Any CPU
		Release|Any CPU = Release|Any CPU
	EndGlobalSection
	GlobalSection(ProjectConfigurationPlatforms) = postSolution
		{544A8B3B-D9CD-46BF-BA03-6460E4590A04}.Debug|Any CPU.ActiveCfg = Debug|Any CPU
		{544A8B3B-D9CD-46BF-BA03-6460E4590A04}.Debug|Any CPU.Build.0 = Debug|Any CPU
		{544A8B3B-D9CD-46BF-BA03-6460E4590A04}.Release|Any CPU.ActiveCfg = Release|Any CPU
		{544A8B3B-D9CD-46BF-BA03-6460E4590A04}.Release|Any CPU.Build.0 = Release|Any CPU
		{FEEBE3AE-39CA-4701-B371-F6CFC6B2201E}.Debug|Any CPU.ActiveCfg = Debug|Any CPU
		{FEEBE3AE-39CA-4701-B371-F6CFC6B2201E}.Debug|Any CPU.Build.0 = Debug|Any CPU
		{FEEBE3AE-39CA-4701-B371-F6CFC6B2201E}.Release|Any CPU.ActiveCfg = Release|Any CPU
		{FEEBE3AE-39CA-4701-B371-F6CFC6B2201E}.Release|Any CPU.Build.0 = Release|Any CPU
	EndGlobalSection
	GlobalSection(SolutionProperties) = preSolution
		HideSolutionNode = FALSE
	EndGlobalSection
	GlobalSection(ExtensibilityGlobals) = postSolution
		SolutionGuid = {F594B98D-CCF6-46EE-9182-9992176C7DE4}
	EndGlobalSection
EndGlobal
